
Microsoft Visual Studio Solution File, Format Version 12.00
# Visual Studio Version 17
VisualStudioVersion = 17.3.32825.248
MinimumVisualStudioVersion = 10.0.40219.1
Project("{4E1BF888-8AEF-4FCB-BE77-4E869622133E}") = "AllenNeuralDynamics.Behavior.Distributions", "src\AllenNeuralDynamics.Behavior.Distributions\AllenNeuralDynamics.Behavior.Distributions.csproj", "{E48F0112-2171-4A17-A9EE-9CB1FDB55E12}"
EndProject
Project("{FAE04EC0-301F-11D3-BF4B-00C04F79EFBC}") = "AllenNeuralDynamics.Behavior.Distributions.Tests", "tests\AllenNeuralDynamics.Behavior.Distributions.Tests\AllenNeuralDynamics.Behavior.Distributions.Tests.csproj", "{3DCB7F14-28BA-4870-913B-9A3886AEA56A}"
EndProject
Global
	GlobalSection(SolutionConfigurationPlatforms) = preSolution
		Debug|Any CPU = Debug|Any CPU
		Debug|x64 = Debug|x64
		Debug|x86 = Debug|x86
		Release|Any CPU = Release|Any CPU
		Release|x64 = Release|x64
		Release|x86 = Release|x86
	EndGlobalSection
	GlobalSection(ProjectConfigurationPlatforms) = postSolution
		{E48F0112-2171-4A17-A9EE-9CB1FDB55E12}.Debug|Any CPU.ActiveCfg = Debug|Any CPU
		{E48F0112-2171-4A17-A9EE-9CB1FDB55E12}.Debug|Any CPU.Build.0 = Debug|Any CPU
		{E48F0112-2171-4A17-A9EE-9CB1FDB55E12}.Debug|x64.ActiveCfg = Debug|x64
		{E48F0112-2171-4A17-A9EE-9CB1FDB55E12}.Debug|x64.Build.0 = Debug|x64
		{E48F0112-2171-4A17-A9EE-9CB1FDB55E12}.Debug|x86.ActiveCfg = Debug|x86
		{E48F0112-2171-4A17-A9EE-9CB1FDB55E12}.Debug|x86.Build.0 = Debug|x86
		{E48F0112-2171-4A17-A9EE-9CB1FDB55E12}.Release|Any CPU.ActiveCfg = Release|Any CPU
		{E48F0112-2171-4A17-A9EE-9CB1FDB55E12}.Release|Any CPU.Build.0 = Release|Any CPU
		{E48F0112-2171-4A17-A9EE-9CB1FDB55E12}.Release|x64.ActiveCfg = Release|x64
		{E48F0112-2171-4A17-A9EE-9CB1FDB55E12}.Release|x64.Build.0 = Release|x64
		{E48F0112-2171-4A17-A9EE-9CB1FDB55E12}.Release|x86.ActiveCfg = Release|x86
		{E48F0112-2171-4A17-A9EE-9CB1FDB55E12}.Release|x86.Build.0 = Release|x86
		{3DCB7F14-28BA-4870-913B-9A3886AEA56A}.Debug|Any CPU.ActiveCfg = Debug|Any CPU
		{3DCB7F14-28BA-4870-913B-9A3886AEA56A}.Debug|Any CPU.Build.0 = Debug|Any CPU
		{3DCB7F14-28BA-4870-913B-9A3886AEA56A}.Debug|x64.ActiveCfg = Debug|Any CPU
		{3DCB7F14-28BA-4870-913B-9A3886AEA56A}.Debug|x64.Build.0 = Debug|Any CPU
		{3DCB7F14-28BA-4870-913B-9A3886AEA56A}.Debug|x86.ActiveCfg = Debug|Any CPU
		{3DCB7F14-28BA-4870-913B-9A3886AEA56A}.Debug|x86.Build.0 = Debug|Any CPU
		{3DCB7F14-28BA-4870-913B-9A3886AEA56A}.Release|Any CPU.ActiveCfg = Release|Any CPU
		{3DCB7F14-28BA-4870-913B-9A3886AEA56A}.Release|Any CPU.Build.0 = Release|Any CPU
		{3DCB7F14-28BA-4870-913B-9A3886AEA56A}.Release|x64.ActiveCfg = Release|Any CPU
		{3DCB7F14-28BA-4870-913B-9A3886AEA56A}.Release|x64.Build.0 = Release|Any CPU
		{3DCB7F14-28BA-4870-913B-9A3886AEA56A}.Release|x86.ActiveCfg = Release|Any CPU
		{3DCB7F14-28BA-4870-913B-9A3886AEA56A}.Release|x86.Build.0 = Release|Any CPU
	EndGlobalSection
	GlobalSection(SolutionProperties) = preSolution
		HideSolutionNode = FALSE
	EndGlobalSection
	GlobalSection(ExtensibilityGlobals) = postSolution
		SolutionGuid = {91F81DC3-D0DA-432D-B917-4E4843CA1CA8}
	EndGlobalSection
EndGlobal
